
Microsoft Visual Studio Solution File, Format Version 12.00
# Visual Studio Version 17
VisualStudioVersion = 17.5.002.0
MinimumVisualStudioVersion = 10.0.40219.1
Project("{2150E333-8FDC-42A3-9474-1A3956D46DE8}") = "src", "src", "{97AF87F7-5D42-4FC8-AC16-63E2F0164986}"
EndProject
Project("{FAE04EC0-301F-11D3-BF4B-00C04F79EFBC}") = "Codeacula.API", "src\Codeacula.API\Codeacula.API.csproj", "{D1A9F0E1-1923-4EC5-AAB9-F6D2CA6A2F68}"
EndProject
Project("{FAE04EC0-301F-11D3-BF4B-00C04F79EFBC}") = "Codeacula.Core", "src\Codeacula.Core\Codeacula.Core.csproj", "{1D038FD3-30CC-4BDF-8717-D4325350E0B1}"
EndProject
Project("{FAE04EC0-301F-11D3-BF4B-00C04F79EFBC}") = "Codeacula.MSSQL", "src\Codeacula.MSSQL\Codeacula.MSSQL.csproj", "{5701BD18-0F00-450C-B0A8-AA0C2DE89E9E}"
EndProject
Project("{FAE04EC0-301F-11D3-BF4B-00C04F79EFBC}") = "Codeacula.MongoDB", "src\Codeacula.MongoDB\Codeacula.MongoDB.csproj", "{CD79BE9E-63CB-403E-A8E0-529C5A793499}"
EndProject
Project("{FAE04EC0-301F-11D3-BF4B-00C04F79EFBC}") = "Codeacula.Redis", "src\Codeacula.Redis\Codeacula.Redis.csproj", "{62836A9B-C71B-4A5A-9CBE-F8671A05D7BE}"
EndProject
Project("{2150E333-8FDC-42A3-9474-1A3956D46DE8}") = "tests", "tests", "{7AC7F6EB-E045-4C16-9B0F-FE9CD02CCBD4}"
EndProject
Project("{FAE04EC0-301F-11D3-BF4B-00C04F79EFBC}") = "Codeacula.API.Tests", "tests\Codeacula.API.Tests\Codeacula.API.Tests.csproj", "{9A662E11-13E2-4387-828D-D8BBB2B1D689}"
EndProject
Project("{FAE04EC0-301F-11D3-BF4B-00C04F79EFBC}") = "Codeacula.Core.Tests", "tests\Codeacula.Core.Tests\Codeacula.Core.Tests.csproj", "{949F2EC9-5D15-4825-9F21-40D9DEDF976D}"
EndProject
Project("{FAE04EC0-301F-11D3-BF4B-00C04F79EFBC}") = "Codeacula.Redis.Tests", "tests\Codeacula.Redis.Tests\Codeacula.Redis.Tests.csproj", "{31676130-0E44-4274-8AB0-6CC61505FD7E}"
EndProject
Project("{FAE04EC0-301F-11D3-BF4B-00C04F79EFBC}") = "Codeacula.TestCommon", "tests\Codeacula.TestCommon\Codeacula.TestCommon.csproj", "{FAA7397D-6E9B-4C9C-9D54-4D04E46518BE}"
EndProject
Project("{FAE04EC0-301F-11D3-BF4B-00C04F79EFBC}") = "Codeacula.Infrastructure", "src\Codeacula.Infrastructure\Codeacula.Infrastructure.csproj", "{B631AE16-F30E-47A1-8F60-35C786098817}"
EndProject
Global
	GlobalSection(SolutionProperties) = preSolution
		HideSolutionNode = FALSE
	EndGlobalSection
	GlobalSection(ExtensibilityGlobals) = postSolution
		SolutionGuid = {D3207C4B-3994-453F-B3CE-974D70BEA0E5}
	EndGlobalSection
	GlobalSection(SolutionConfigurationPlatforms) = preSolution
		Debug|Any CPU = Debug|Any CPU
		Debug|x64 = Debug|x64
		Debug|x86 = Debug|x86
		Release|Any CPU = Release|Any CPU
		Release|x64 = Release|x64
		Release|x86 = Release|x86
	EndGlobalSection
	GlobalSection(ProjectConfigurationPlatforms) = postSolution
		{D1A9F0E1-1923-4EC5-AAB9-F6D2CA6A2F68}.Debug|Any CPU.ActiveCfg = Debug|Any CPU
		{D1A9F0E1-1923-4EC5-AAB9-F6D2CA6A2F68}.Debug|Any CPU.Build.0 = Debug|Any CPU
		{D1A9F0E1-1923-4EC5-AAB9-F6D2CA6A2F68}.Debug|x64.ActiveCfg = Debug|Any CPU
		{D1A9F0E1-1923-4EC5-AAB9-F6D2CA6A2F68}.Debug|x64.Build.0 = Debug|Any CPU
		{D1A9F0E1-1923-4EC5-AAB9-F6D2CA6A2F68}.Debug|x86.ActiveCfg = Debug|Any CPU
		{D1A9F0E1-1923-4EC5-AAB9-F6D2CA6A2F68}.Debug|x86.Build.0 = Debug|Any CPU
		{D1A9F0E1-1923-4EC5-AAB9-F6D2CA6A2F68}.Release|Any CPU.ActiveCfg = Release|Any CPU
		{D1A9F0E1-1923-4EC5-AAB9-F6D2CA6A2F68}.Release|Any CPU.Build.0 = Release|Any CPU
		{D1A9F0E1-1923-4EC5-AAB9-F6D2CA6A2F68}.Release|x64.ActiveCfg = Release|Any CPU
		{D1A9F0E1-1923-4EC5-AAB9-F6D2CA6A2F68}.Release|x64.Build.0 = Release|Any CPU
		{D1A9F0E1-1923-4EC5-AAB9-F6D2CA6A2F68}.Release|x86.ActiveCfg = Release|Any CPU
		{D1A9F0E1-1923-4EC5-AAB9-F6D2CA6A2F68}.Release|x86.Build.0 = Release|Any CPU
		{1D038FD3-30CC-4BDF-8717-D4325350E0B1}.Debug|Any CPU.ActiveCfg = Debug|Any CPU
		{1D038FD3-30CC-4BDF-8717-D4325350E0B1}.Debug|Any CPU.Build.0 = Debug|Any CPU
		{1D038FD3-30CC-4BDF-8717-D4325350E0B1}.Debug|x64.ActiveCfg = Debug|Any CPU
		{1D038FD3-30CC-4BDF-8717-D4325350E0B1}.Debug|x64.Build.0 = Debug|Any CPU
		{1D038FD3-30CC-4BDF-8717-D4325350E0B1}.Debug|x86.ActiveCfg = Debug|Any CPU
		{1D038FD3-30CC-4BDF-8717-D4325350E0B1}.Debug|x86.Build.0 = Debug|Any CPU
		{1D038FD3-30CC-4BDF-8717-D4325350E0B1}.Release|Any CPU.ActiveCfg = Release|Any CPU
		{1D038FD3-30CC-4BDF-8717-D4325350E0B1}.Release|Any CPU.Build.0 = Release|Any CPU
		{1D038FD3-30CC-4BDF-8717-D4325350E0B1}.Release|x64.ActiveCfg = Release|Any CPU
		{1D038FD3-30CC-4BDF-8717-D4325350E0B1}.Release|x64.Build.0 = Release|Any CPU
		{1D038FD3-30CC-4BDF-8717-D4325350E0B1}.Release|x86.ActiveCfg = Release|Any CPU
		{1D038FD3-30CC-4BDF-8717-D4325350E0B1}.Release|x86.Build.0 = Release|Any CPU
		{5701BD18-0F00-450C-B0A8-AA0C2DE89E9E}.Debug|Any CPU.ActiveCfg = Debug|Any CPU
		{5701BD18-0F00-450C-B0A8-AA0C2DE89E9E}.Debug|Any CPU.Build.0 = Debug|Any CPU
		{5701BD18-0F00-450C-B0A8-AA0C2DE89E9E}.Debug|x64.ActiveCfg = Debug|Any CPU
		{5701BD18-0F00-450C-B0A8-AA0C2DE89E9E}.Debug|x64.Build.0 = Debug|Any CPU
		{5701BD18-0F00-450C-B0A8-AA0C2DE89E9E}.Debug|x86.ActiveCfg = Debug|Any CPU
		{5701BD18-0F00-450C-B0A8-AA0C2DE89E9E}.Debug|x86.Build.0 = Debug|Any CPU
		{5701BD18-0F00-450C-B0A8-AA0C2DE89E9E}.Release|Any CPU.ActiveCfg = Release|Any CPU
		{5701BD18-0F00-450C-B0A8-AA0C2DE89E9E}.Release|Any CPU.Build.0 = Release|Any CPU
		{5701BD18-0F00-450C-B0A8-AA0C2DE89E9E}.Release|x64.ActiveCfg = Release|Any CPU
		{5701BD18-0F00-450C-B0A8-AA0C2DE89E9E}.Release|x64.Build.0 = Release|Any CPU
		{5701BD18-0F00-450C-B0A8-AA0C2DE89E9E}.Release|x86.ActiveCfg = Release|Any CPU
		{5701BD18-0F00-450C-B0A8-AA0C2DE89E9E}.Release|x86.Build.0 = Release|Any CPU
		{CD79BE9E-63CB-403E-A8E0-529C5A793499}.Debug|Any CPU.ActiveCfg = Debug|Any CPU
		{CD79BE9E-63CB-403E-A8E0-529C5A793499}.Debug|Any CPU.Build.0 = Debug|Any CPU
		{CD79BE9E-63CB-403E-A8E0-529C5A793499}.Debug|x64.ActiveCfg = Debug|Any CPU
		{CD79BE9E-63CB-403E-A8E0-529C5A793499}.Debug|x64.Build.0 = Debug|Any CPU
		{CD79BE9E-63CB-403E-A8E0-529C5A793499}.Debug|x86.ActiveCfg = Debug|Any CPU
		{CD79BE9E-63CB-403E-A8E0-529C5A793499}.Debug|x86.Build.0 = Debug|Any CPU
		{CD79BE9E-63CB-403E-A8E0-529C5A793499}.Release|Any CPU.ActiveCfg = Release|Any CPU
		{CD79BE9E-63CB-403E-A8E0-529C5A793499}.Release|Any CPU.Build.0 = Release|Any CPU
		{CD79BE9E-63CB-403E-A8E0-529C5A793499}.Release|x64.ActiveCfg = Release|Any CPU
		{CD79BE9E-63CB-403E-A8E0-529C5A793499}.Release|x64.Build.0 = Release|Any CPU
		{CD79BE9E-63CB-403E-A8E0-529C5A793499}.Release|x86.ActiveCfg = Release|Any CPU
		{CD79BE9E-63CB-403E-A8E0-529C5A793499}.Release|x86.Build.0 = Release|Any CPU
		{62836A9B-C71B-4A5A-9CBE-F8671A05D7BE}.Debug|Any CPU.ActiveCfg = Debug|Any CPU
		{62836A9B-C71B-4A5A-9CBE-F8671A05D7BE}.Debug|Any CPU.Build.0 = Debug|Any CPU
		{62836A9B-C71B-4A5A-9CBE-F8671A05D7BE}.Debug|x64.ActiveCfg = Debug|Any CPU
		{62836A9B-C71B-4A5A-9CBE-F8671A05D7BE}.Debug|x64.Build.0 = Debug|Any CPU
		{62836A9B-C71B-4A5A-9CBE-F8671A05D7BE}.Debug|x86.ActiveCfg = Debug|Any CPU
		{62836A9B-C71B-4A5A-9CBE-F8671A05D7BE}.Debug|x86.Build.0 = Debug|Any CPU
		{62836A9B-C71B-4A5A-9CBE-F8671A05D7BE}.Release|Any CPU.ActiveCfg = Release|Any CPU
		{62836A9B-C71B-4A5A-9CBE-F8671A05D7BE}.Release|Any CPU.Build.0 = Release|Any CPU
		{62836A9B-C71B-4A5A-9CBE-F8671A05D7BE}.Release|x64.ActiveCfg = Release|Any CPU
		{62836A9B-C71B-4A5A-9CBE-F8671A05D7BE}.Release|x64.Build.0 = Release|Any CPU
		{62836A9B-C71B-4A5A-9CBE-F8671A05D7BE}.Release|x86.ActiveCfg = Release|Any CPU
		{62836A9B-C71B-4A5A-9CBE-F8671A05D7BE}.Release|x86.Build.0 = Release|Any CPU
		{9A662E11-13E2-4387-828D-D8BBB2B1D689}.Debug|Any CPU.ActiveCfg = Debug|Any CPU
		{9A662E11-13E2-4387-828D-D8BBB2B1D689}.Debug|Any CPU.Build.0 = Debug|Any CPU
		{9A662E11-13E2-4387-828D-D8BBB2B1D689}.Debug|x64.ActiveCfg = Debug|Any CPU
		{9A662E11-13E2-4387-828D-D8BBB2B1D689}.Debug|x64.Build.0 = Debug|Any CPU
		{9A662E11-13E2-4387-828D-D8BBB2B1D689}.Debug|x86.ActiveCfg = Debug|Any CPU
		{9A662E11-13E2-4387-828D-D8BBB2B1D689}.Debug|x86.Build.0 = Debug|Any CPU
		{9A662E11-13E2-4387-828D-D8BBB2B1D689}.Release|Any CPU.ActiveCfg = Release|Any CPU
		{9A662E11-13E2-4387-828D-D8BBB2B1D689}.Release|Any CPU.Build.0 = Release|Any CPU
		{9A662E11-13E2-4387-828D-D8BBB2B1D689}.Release|x64.ActiveCfg = Release|Any CPU
		{9A662E11-13E2-4387-828D-D8BBB2B1D689}.Release|x64.Build.0 = Release|Any CPU
		{9A662E11-13E2-4387-828D-D8BBB2B1D689}.Release|x86.ActiveCfg = Release|Any CPU
		{9A662E11-13E2-4387-828D-D8BBB2B1D689}.Release|x86.Build.0 = Release|Any CPU
		{949F2EC9-5D15-4825-9F21-40D9DEDF976D}.Debug|Any CPU.ActiveCfg = Debug|Any CPU
		{949F2EC9-5D15-4825-9F21-40D9DEDF976D}.Debug|Any CPU.Build.0 = Debug|Any CPU
		{949F2EC9-5D15-4825-9F21-40D9DEDF976D}.Debug|x64.ActiveCfg = Debug|Any CPU
		{949F2EC9-5D15-4825-9F21-40D9DEDF976D}.Debug|x64.Build.0 = Debug|Any CPU
		{949F2EC9-5D15-4825-9F21-40D9DEDF976D}.Debug|x86.ActiveCfg = Debug|Any CPU
		{949F2EC9-5D15-4825-9F21-40D9DEDF976D}.Debug|x86.Build.0 = Debug|Any CPU
		{949F2EC9-5D15-4825-9F21-40D9DEDF976D}.Release|Any CPU.ActiveCfg = Release|Any CPU
		{949F2EC9-5D15-4825-9F21-40D9DEDF976D}.Release|Any CPU.Build.0 = Release|Any CPU
		{949F2EC9-5D15-4825-9F21-40D9DEDF976D}.Release|x64.ActiveCfg = Release|Any CPU
		{949F2EC9-5D15-4825-9F21-40D9DEDF976D}.Release|x64.Build.0 = Release|Any CPU
		{949F2EC9-5D15-4825-9F21-40D9DEDF976D}.Release|x86.ActiveCfg = Release|Any CPU
		{949F2EC9-5D15-4825-9F21-40D9DEDF976D}.Release|x86.Build.0 = Release|Any CPU
		{31676130-0E44-4274-8AB0-6CC61505FD7E}.Debug|Any CPU.ActiveCfg = Debug|Any CPU
		{31676130-0E44-4274-8AB0-6CC61505FD7E}.Debug|Any CPU.Build.0 = Debug|Any CPU
		{31676130-0E44-4274-8AB0-6CC61505FD7E}.Debug|x64.ActiveCfg = Debug|Any CPU
		{31676130-0E44-4274-8AB0-6CC61505FD7E}.Debug|x64.Build.0 = Debug|Any CPU
		{31676130-0E44-4274-8AB0-6CC61505FD7E}.Debug|x86.ActiveCfg = Debug|Any CPU
		{31676130-0E44-4274-8AB0-6CC61505FD7E}.Debug|x86.Build.0 = Debug|Any CPU
		{31676130-0E44-4274-8AB0-6CC61505FD7E}.Release|Any CPU.ActiveCfg = Release|Any CPU
		{31676130-0E44-4274-8AB0-6CC61505FD7E}.Release|Any CPU.Build.0 = Release|Any CPU
		{31676130-0E44-4274-8AB0-6CC61505FD7E}.Release|x64.ActiveCfg = Release|Any CPU
		{31676130-0E44-4274-8AB0-6CC61505FD7E}.Release|x64.Build.0 = Release|Any CPU
		{31676130-0E44-4274-8AB0-6CC61505FD7E}.Release|x86.ActiveCfg = Release|Any CPU
		{31676130-0E44-4274-8AB0-6CC61505FD7E}.Release|x86.Build.0 = Release|Any CPU
		{FAA7397D-6E9B-4C9C-9D54-4D04E46518BE}.Debug|Any CPU.ActiveCfg = Debug|Any CPU
		{FAA7397D-6E9B-4C9C-9D54-4D04E46518BE}.Debug|Any CPU.Build.0 = Debug|Any CPU
		{FAA7397D-6E9B-4C9C-9D54-4D04E46518BE}.Debug|x64.ActiveCfg = Debug|Any CPU
		{FAA7397D-6E9B-4C9C-9D54-4D04E46518BE}.Debug|x64.Build.0 = Debug|Any CPU
		{FAA7397D-6E9B-4C9C-9D54-4D04E46518BE}.Debug|x86.ActiveCfg = Debug|Any CPU
		{FAA7397D-6E9B-4C9C-9D54-4D04E46518BE}.Debug|x86.Build.0 = Debug|Any CPU
		{FAA7397D-6E9B-4C9C-9D54-4D04E46518BE}.Release|Any CPU.ActiveCfg = Release|Any CPU
		{FAA7397D-6E9B-4C9C-9D54-4D04E46518BE}.Release|Any CPU.Build.0 = Release|Any CPU
		{FAA7397D-6E9B-4C9C-9D54-4D04E46518BE}.Release|x64.ActiveCfg = Release|Any CPU
		{FAA7397D-6E9B-4C9C-9D54-4D04E46518BE}.Release|x64.Build.0 = Release|Any CPU
		{FAA7397D-6E9B-4C9C-9D54-4D04E46518BE}.Release|x86.ActiveCfg = Release|Any CPU
		{FAA7397D-6E9B-4C9C-9D54-4D04E46518BE}.Release|x86.Build.0 = Release|Any CPU
		{B631AE16-F30E-47A1-8F60-35C786098817}.Debug|Any CPU.ActiveCfg = Debug|Any CPU
		{B631AE16-F30E-47A1-8F60-35C786098817}.Debug|Any CPU.Build.0 = Debug|Any CPU
		{B631AE16-F30E-47A1-8F60-35C786098817}.Debug|x64.ActiveCfg = Debug|Any CPU
		{B631AE16-F30E-47A1-8F60-35C786098817}.Debug|x64.Build.0 = Debug|Any CPU
		{B631AE16-F30E-47A1-8F60-35C786098817}.Debug|x86.ActiveCfg = Debug|Any CPU
		{B631AE16-F30E-47A1-8F60-35C786098817}.Debug|x86.Build.0 = Debug|Any CPU
		{B631AE16-F30E-47A1-8F60-35C786098817}.Release|Any CPU.ActiveCfg = Release|Any CPU
		{B631AE16-F30E-47A1-8F60-35C786098817}.Release|Any CPU.Build.0 = Release|Any CPU
		{B631AE16-F30E-47A1-8F60-35C786098817}.Release|x64.ActiveCfg = Release|Any CPU
		{B631AE16-F30E-47A1-8F60-35C786098817}.Release|x64.Build.0 = Release|Any CPU
		{B631AE16-F30E-47A1-8F60-35C786098817}.Release|x86.ActiveCfg = Release|Any CPU
		{B631AE16-F30E-47A1-8F60-35C786098817}.Release|x86.Build.0 = Release|Any CPU
	EndGlobalSection
	GlobalSection(NestedProjects) = preSolution
		{D1A9F0E1-1923-4EC5-AAB9-F6D2CA6A2F68} = {97AF87F7-5D42-4FC8-AC16-63E2F0164986}
		{1D038FD3-30CC-4BDF-8717-D4325350E0B1} = {97AF87F7-5D42-4FC8-AC16-63E2F0164986}
		{5701BD18-0F00-450C-B0A8-AA0C2DE89E9E} = {97AF87F7-5D42-4FC8-AC16-63E2F0164986}
		{CD79BE9E-63CB-403E-A8E0-529C5A793499} = {97AF87F7-5D42-4FC8-AC16-63E2F0164986}
		{62836A9B-C71B-4A5A-9CBE-F8671A05D7BE} = {97AF87F7-5D42-4FC8-AC16-63E2F0164986}
		{9A662E11-13E2-4387-828D-D8BBB2B1D689} = {7AC7F6EB-E045-4C16-9B0F-FE9CD02CCBD4}
		{949F2EC9-5D15-4825-9F21-40D9DEDF976D} = {7AC7F6EB-E045-4C16-9B0F-FE9CD02CCBD4}
		{31676130-0E44-4274-8AB0-6CC61505FD7E} = {7AC7F6EB-E045-4C16-9B0F-FE9CD02CCBD4}
		{FAA7397D-6E9B-4C9C-9D54-4D04E46518BE} = {7AC7F6EB-E045-4C16-9B0F-FE9CD02CCBD4}
		{B631AE16-F30E-47A1-8F60-35C786098817} = {97AF87F7-5D42-4FC8-AC16-63E2F0164986}
	EndGlobalSection
EndGlobal
